
Microsoft Visual Studio Solution File, Format Version 12.00
# Visual Studio Version 17
VisualStudioVersion = 17.0.32002.185
MinimumVisualStudioVersion = 10.0.40219.1
Project("{8BC9CEB8-8B4A-11D0-8D11-00A0C91BC942}") = "LinkingTutorial", "LinkingTutorial.vcxproj", "{206602D2-ABB9-4EF4-98C8-72721B4C1C96}"
EndProject
Global
	GlobalSection(SolutionConfigurationPlatforms) = preSolution
		Debug|x64 = Debug|x64
		Debug|x86 = Debug|x86
		Release|x64 = Release|x64
		Release|x86 = Release|x86
	EndGlobalSection
	GlobalSection(ProjectConfigurationPlatforms) = postSolution
		{206602D2-ABB9-4EF4-98C8-72721B4C1C96}.Debug|x64.ActiveCfg = Debug|x64
		{206602D2-ABB9-4EF4-98C8-72721B4C1C96}.Debug|x64.Build.0 = Debug|x64
		{206602D2-ABB9-4EF4-98C8-72721B4C1C96}.Debug|x86.ActiveCfg = Debug|Win32
		{206602D2-ABB9-4EF4-98C8-72721B4C1C96}.Debug|x86.Build.0 = Debug|Win32
		{206602D2-ABB9-4EF4-98C8-72721B4C1C96}.Release|x64.ActiveCfg = Release|x64
		{206602D2-ABB9-4EF4-98C8-72721B4C1C96}.Release|x64.Build.0 = Release|x64
		{206602D2-ABB9-4EF4-98C8-72721B4C1C96}.Release|x86.ActiveCfg = Release|Win32
		{206602D2-ABB9-4EF4-98C8-72721B4C1C96}.Release|x86.Build.0 = Release|Win32
	EndGlobalSection
	GlobalSection(SolutionProperties) = preSolution
		HideSolutionNode = FALSE
	EndGlobalSection
	GlobalSection(ExtensibilityGlobals) = postSolution
		SolutionGuid = {C71C98D9-F218-43AA-B788-A6D82A66F69D}
	EndGlobalSection
EndGlobal
